
Microsoft Visual Studio Solution File, Format Version 12.00
# Visual Studio Version 16
VisualStudioVersion = 16.0.30907.101
MinimumVisualStudioVersion = 10.0.40219.1
Project("{8BC9CEB8-8B4A-11D0-8D11-00A0C91BC942}") = "task1", "task1\task1.vcxproj", "{4754293E-2A45-4ADD-AFF7-81D8BE6B77BE}"
EndProject
Global
	GlobalSection(SolutionConfigurationPlatforms) = preSolution
		Debug|x64 = Debug|x64
		Debug|x86 = Debug|x86
		Release|x64 = Release|x64
		Release|x86 = Release|x86
	EndGlobalSection
	GlobalSection(ProjectConfigurationPlatforms) = postSolution
		{4754293E-2A45-4ADD-AFF7-81D8BE6B77BE}.Debug|x64.ActiveCfg = Debug|x64
		{4754293E-2A45-4ADD-AFF7-81D8BE6B77BE}.Debug|x64.Build.0 = Debug|x64
		{4754293E-2A45-4ADD-AFF7-81D8BE6B77BE}.Debug|x86.ActiveCfg = Debug|Win32
		{4754293E-2A45-4ADD-AFF7-81D8BE6B77BE}.Debug|x86.Build.0 = Debug|Win32
		{4754293E-2A45-4ADD-AFF7-81D8BE6B77BE}.Release|x64.ActiveCfg = Release|x64
		{4754293E-2A45-4ADD-AFF7-81D8BE6B77BE}.Release|x64.Build.0 = Release|x64
		{4754293E-2A45-4ADD-AFF7-81D8BE6B77BE}.Release|x86.ActiveCfg = Release|Win32
		{4754293E-2A45-4ADD-AFF7-81D8BE6B77BE}.Release|x86.Build.0 = Release|Win32
	EndGlobalSection
	GlobalSection(SolutionProperties) = preSolution
		HideSolutionNode = FALSE
	EndGlobalSection
	GlobalSection(ExtensibilityGlobals) = postSolution
		SolutionGuid = {EF4461FF-346C-4322-B48D-20C84BC6F229}
	EndGlobalSection
EndGlobal
