
Microsoft Visual Studio Solution File, Format Version 12.00
# Visual Studio Version 16
VisualStudioVersion = 16.0.30907.101
MinimumVisualStudioVersion = 10.0.40219.1
Project("{8BC9CEB8-8B4A-11D0-8D11-00A0C91BC942}") = "Project5", "Project5\Project5.vcxproj", "{AA98B615-EF6E-497D-A5A6-0DEC4E8580A7}"
EndProject
Global
	GlobalSection(SolutionConfigurationPlatforms) = preSolution
		Debug|x64 = Debug|x64
		Debug|x86 = Debug|x86
		Release|x64 = Release|x64
		Release|x86 = Release|x86
	EndGlobalSection
	GlobalSection(ProjectConfigurationPlatforms) = postSolution
		{AA98B615-EF6E-497D-A5A6-0DEC4E8580A7}.Debug|x64.ActiveCfg = Debug|x64
		{AA98B615-EF6E-497D-A5A6-0DEC4E8580A7}.Debug|x64.Build.0 = Debug|x64
		{AA98B615-EF6E-497D-A5A6-0DEC4E8580A7}.Debug|x86.ActiveCfg = Debug|Win32
		{AA98B615-EF6E-497D-A5A6-0DEC4E8580A7}.Debug|x86.Build.0 = Debug|Win32
		{AA98B615-EF6E-497D-A5A6-0DEC4E8580A7}.Release|x64.ActiveCfg = Release|x64
		{AA98B615-EF6E-497D-A5A6-0DEC4E8580A7}.Release|x64.Build.0 = Release|x64
		{AA98B615-EF6E-497D-A5A6-0DEC4E8580A7}.Release|x86.ActiveCfg = Release|Win32
		{AA98B615-EF6E-497D-A5A6-0DEC4E8580A7}.Release|x86.Build.0 = Release|Win32
	EndGlobalSection
	GlobalSection(SolutionProperties) = preSolution
		HideSolutionNode = FALSE
	EndGlobalSection
	GlobalSection(ExtensibilityGlobals) = postSolution
		SolutionGuid = {6BA2C226-FAC1-41AC-99AA-6DD4BAE46D80}
	EndGlobalSection
EndGlobal
